
Microsoft Visual Studio Solution File, Format Version 12.00
# Visual Studio Version 17
VisualStudioVersion = 17.9.34622.214
MinimumVisualStudioVersion = 10.0.40219.1
Project("{2150E333-8FDC-42A3-9474-1A3956D46DE8}") = "Gateway", "Gateway", "{4C333A03-5478-4CAE-B3C3-9F0808CF3C28}"
EndProject
Project("{2150E333-8FDC-42A3-9474-1A3956D46DE8}") = "Integration", "Integration", "{E3456096-6897-4454-8729-44B96F0DF3EE}"
EndProject
Project("{2150E333-8FDC-42A3-9474-1A3956D46DE8}") = "Services", "Services", "{807A2920-DCDA-4C8B-989D-A356668EA157}"
EndProject
Project("{2150E333-8FDC-42A3-9474-1A3956D46DE8}") = "Coupon", "Coupon", "{BEB36381-A83E-4348-AF81-2AB2278D0DD3}"
EndProject
Project("{9A19103F-16F7-4668-BE54-9A1E7A4F7556}") = "Service.Coupon.Application", "Service.Coupon.Application\Service.Coupon.Application.csproj", "{899E4085-43CD-45C3-9947-D6E5E4BC56E4}"
EndProject
Project("{9A19103F-16F7-4668-BE54-9A1E7A4F7556}") = "Service.Coupon.API", "Service.Coupon.API\Service.Coupon.API.csproj", "{D6AC3862-F424-4593-8F7E-0A5C1EC36674}"
EndProject
Project("{9A19103F-16F7-4668-BE54-9A1E7A4F7556}") = "Service.Coupon.Core", "Service.Coupon.Core\Service.Coupon.Core.csproj", "{B83520BD-68AD-4CF6-8AEE-13FFF5D146F3}"
EndProject
Project("{9A19103F-16F7-4668-BE54-9A1E7A4F7556}") = "Service.Coupon.Infrastructure", "Service.Coupon.Infrastructure\Service.Coupon.Infrastructure.csproj", "{F42FA7E9-A5EA-40E7-85AA-48E7EDC790B8}"
EndProject
Project("{2150E333-8FDC-42A3-9474-1A3956D46DE8}") = "Libs", "Libs", "{2C96E827-9C4D-4B19-9FF1-4B031D4DEBDB}"
EndProject
Project("{9A19103F-16F7-4668-BE54-9A1E7A4F7556}") = "Domain", "Domain\Domain.csproj", "{BE6EFBD0-7C8C-4B39-ABB9-50041B294578}"
EndProject
Project("{2150E333-8FDC-42A3-9474-1A3956D46DE8}") = "Auth", "Auth", "{6BE46CA3-8CC8-4DD0-A10F-73CAC266A1D0}"
EndProject
Project("{9A19103F-16F7-4668-BE54-9A1E7A4F7556}") = "Service.Auth.API", "Service.Auth.API\Service.Auth.API.csproj", "{A21FC0A8-DD49-4702-BD5D-77E319E18C03}"
EndProject
Project("{9A19103F-16F7-4668-BE54-9A1E7A4F7556}") = "Service.Auth.Infrastructure", "Service.Auth.Infrastructure\Service.Auth.Infrastructure.csproj", "{70B86069-5CFD-4993-BDF4-8760C11640E5}"
EndProject
Project("{9A19103F-16F7-4668-BE54-9A1E7A4F7556}") = "Service.Auth.Core", "Service.Auth.Core\Service.Auth.Core.csproj", "{180260CF-6571-4AD1-B8A4-0C7143156C2E}"
EndProject
Project("{FAE04EC0-301F-11D3-BF4B-00C04F79EFBC}") = "Service.Auth.Application", "Service.Auth.Application\Service.Auth.Application.csproj", "{CF27CB6F-D1B5-4EFC-A54A-6D39E558BD79}"
EndProject
Global
	GlobalSection(SolutionConfigurationPlatforms) = preSolution
		Debug|Any CPU = Debug|Any CPU
		Release|Any CPU = Release|Any CPU
	EndGlobalSection
	GlobalSection(ProjectConfigurationPlatforms) = postSolution
		{899E4085-43CD-45C3-9947-D6E5E4BC56E4}.Debug|Any CPU.ActiveCfg = Debug|Any CPU
		{899E4085-43CD-45C3-9947-D6E5E4BC56E4}.Debug|Any CPU.Build.0 = Debug|Any CPU
		{899E4085-43CD-45C3-9947-D6E5E4BC56E4}.Release|Any CPU.ActiveCfg = Release|Any CPU
		{899E4085-43CD-45C3-9947-D6E5E4BC56E4}.Release|Any CPU.Build.0 = Release|Any CPU
		{D6AC3862-F424-4593-8F7E-0A5C1EC36674}.Debug|Any CPU.ActiveCfg = Debug|Any CPU
		{D6AC3862-F424-4593-8F7E-0A5C1EC36674}.Debug|Any CPU.Build.0 = Debug|Any CPU
		{D6AC3862-F424-4593-8F7E-0A5C1EC36674}.Release|Any CPU.ActiveCfg = Release|Any CPU
		{D6AC3862-F424-4593-8F7E-0A5C1EC36674}.Release|Any CPU.Build.0 = Release|Any CPU
		{B83520BD-68AD-4CF6-8AEE-13FFF5D146F3}.Debug|Any CPU.ActiveCfg = Debug|Any CPU
		{B83520BD-68AD-4CF6-8AEE-13FFF5D146F3}.Debug|Any CPU.Build.0 = Debug|Any CPU
		{B83520BD-68AD-4CF6-8AEE-13FFF5D146F3}.Release|Any CPU.ActiveCfg = Release|Any CPU
		{B83520BD-68AD-4CF6-8AEE-13FFF5D146F3}.Release|Any CPU.Build.0 = Release|Any CPU
		{F42FA7E9-A5EA-40E7-85AA-48E7EDC790B8}.Debug|Any CPU.ActiveCfg = Debug|Any CPU
		{F42FA7E9-A5EA-40E7-85AA-48E7EDC790B8}.Debug|Any CPU.Build.0 = Debug|Any CPU
		{F42FA7E9-A5EA-40E7-85AA-48E7EDC790B8}.Release|Any CPU.ActiveCfg = Release|Any CPU
		{F42FA7E9-A5EA-40E7-85AA-48E7EDC790B8}.Release|Any CPU.Build.0 = Release|Any CPU
		{BE6EFBD0-7C8C-4B39-ABB9-50041B294578}.Debug|Any CPU.ActiveCfg = Debug|Any CPU
		{BE6EFBD0-7C8C-4B39-ABB9-50041B294578}.Debug|Any CPU.Build.0 = Debug|Any CPU
		{BE6EFBD0-7C8C-4B39-ABB9-50041B294578}.Release|Any CPU.ActiveCfg = Release|Any CPU
		{BE6EFBD0-7C8C-4B39-ABB9-50041B294578}.Release|Any CPU.Build.0 = Release|Any CPU
		{A21FC0A8-DD49-4702-BD5D-77E319E18C03}.Debug|Any CPU.ActiveCfg = Debug|Any CPU
		{A21FC0A8-DD49-4702-BD5D-77E319E18C03}.Debug|Any CPU.Build.0 = Debug|Any CPU
		{A21FC0A8-DD49-4702-BD5D-77E319E18C03}.Release|Any CPU.ActiveCfg = Release|Any CPU
		{A21FC0A8-DD49-4702-BD5D-77E319E18C03}.Release|Any CPU.Build.0 = Release|Any CPU
		{70B86069-5CFD-4993-BDF4-8760C11640E5}.Debug|Any CPU.ActiveCfg = Debug|Any CPU
		{70B86069-5CFD-4993-BDF4-8760C11640E5}.Debug|Any CPU.Build.0 = Debug|Any CPU
		{70B86069-5CFD-4993-BDF4-8760C11640E5}.Release|Any CPU.ActiveCfg = Release|Any CPU
		{70B86069-5CFD-4993-BDF4-8760C11640E5}.Release|Any CPU.Build.0 = Release|Any CPU
		{180260CF-6571-4AD1-B8A4-0C7143156C2E}.Debug|Any CPU.ActiveCfg = Debug|Any CPU
		{180260CF-6571-4AD1-B8A4-0C7143156C2E}.Debug|Any CPU.Build.0 = Debug|Any CPU
		{180260CF-6571-4AD1-B8A4-0C7143156C2E}.Release|Any CPU.ActiveCfg = Release|Any CPU
		{180260CF-6571-4AD1-B8A4-0C7143156C2E}.Release|Any CPU.Build.0 = Release|Any CPU
		{CF27CB6F-D1B5-4EFC-A54A-6D39E558BD79}.Debug|Any CPU.ActiveCfg = Debug|Any CPU
		{CF27CB6F-D1B5-4EFC-A54A-6D39E558BD79}.Debug|Any CPU.Build.0 = Debug|Any CPU
		{CF27CB6F-D1B5-4EFC-A54A-6D39E558BD79}.Release|Any CPU.ActiveCfg = Release|Any CPU
		{CF27CB6F-D1B5-4EFC-A54A-6D39E558BD79}.Release|Any CPU.Build.0 = Release|Any CPU
	EndGlobalSection
	GlobalSection(SolutionProperties) = preSolution
		HideSolutionNode = FALSE
	EndGlobalSection
	GlobalSection(NestedProjects) = preSolution
		{BEB36381-A83E-4348-AF81-2AB2278D0DD3} = {807A2920-DCDA-4C8B-989D-A356668EA157}
		{899E4085-43CD-45C3-9947-D6E5E4BC56E4} = {BEB36381-A83E-4348-AF81-2AB2278D0DD3}
		{D6AC3862-F424-4593-8F7E-0A5C1EC36674} = {BEB36381-A83E-4348-AF81-2AB2278D0DD3}
		{B83520BD-68AD-4CF6-8AEE-13FFF5D146F3} = {BEB36381-A83E-4348-AF81-2AB2278D0DD3}
		{F42FA7E9-A5EA-40E7-85AA-48E7EDC790B8} = {BEB36381-A83E-4348-AF81-2AB2278D0DD3}
		{BE6EFBD0-7C8C-4B39-ABB9-50041B294578} = {2C96E827-9C4D-4B19-9FF1-4B031D4DEBDB}
		{6BE46CA3-8CC8-4DD0-A10F-73CAC266A1D0} = {807A2920-DCDA-4C8B-989D-A356668EA157}
		{A21FC0A8-DD49-4702-BD5D-77E319E18C03} = {6BE46CA3-8CC8-4DD0-A10F-73CAC266A1D0}
		{70B86069-5CFD-4993-BDF4-8760C11640E5} = {6BE46CA3-8CC8-4DD0-A10F-73CAC266A1D0}
		{180260CF-6571-4AD1-B8A4-0C7143156C2E} = {6BE46CA3-8CC8-4DD0-A10F-73CAC266A1D0}
		{CF27CB6F-D1B5-4EFC-A54A-6D39E558BD79} = {6BE46CA3-8CC8-4DD0-A10F-73CAC266A1D0}
	EndGlobalSection
	GlobalSection(ExtensibilityGlobals) = postSolution
		SolutionGuid = {19AC5F74-5F15-4BD9-BC95-C6CBC195E5C6}
	EndGlobalSection
EndGlobal
